
Microsoft Visual Studio Solution File, Format Version 12.00
# Visual Studio Version 16
VisualStudioVersion = 16.0.32901.82
MinimumVisualStudioVersion = 10.0.40219.1
Project("{8BC9CEB8-8B4A-11D0-8D11-00A0C91BC942}") = "OCR", "OCR\OCR.vcxproj", "{ED80252F-28D9-4A6E-B3D0-9EAA3BF284BB}"
EndProject
Global
	GlobalSection(SolutionConfigurationPlatforms) = preSolution
		Debug|x64 = Debug|x64
		Debug|x86 = Debug|x86
		Release|x64 = Release|x64
		Release|x86 = Release|x86
	EndGlobalSection
	GlobalSection(ProjectConfigurationPlatforms) = postSolution
		{ED80252F-28D9-4A6E-B3D0-9EAA3BF284BB}.Debug|x64.ActiveCfg = Debug|x64
		{ED80252F-28D9-4A6E-B3D0-9EAA3BF284BB}.Debug|x64.Build.0 = Debug|x64
		{ED80252F-28D9-4A6E-B3D0-9EAA3BF284BB}.Debug|x86.ActiveCfg = Debug|Win32
		{ED80252F-28D9-4A6E-B3D0-9EAA3BF284BB}.Debug|x86.Build.0 = Debug|Win32
		{ED80252F-28D9-4A6E-B3D0-9EAA3BF284BB}.Release|x64.ActiveCfg = Release|x64
		{ED80252F-28D9-4A6E-B3D0-9EAA3BF284BB}.Release|x64.Build.0 = Release|x64
		{ED80252F-28D9-4A6E-B3D0-9EAA3BF284BB}.Release|x86.ActiveCfg = Release|Win32
		{ED80252F-28D9-4A6E-B3D0-9EAA3BF284BB}.Release|x86.Build.0 = Release|Win32
	EndGlobalSection
	GlobalSection(SolutionProperties) = preSolution
		HideSolutionNode = FALSE
	EndGlobalSection
	GlobalSection(ExtensibilityGlobals) = postSolution
		SolutionGuid = {E89EE5AC-9124-4617-BCA8-AA7B799587D8}
	EndGlobalSection
EndGlobal
